
Microsoft Visual Studio Solution File, Format Version 12.00
# Visual Studio Version 17
VisualStudioVersion = 17.5.33424.131
MinimumVisualStudioVersion = 10.0.40219.1
Project("{FAE04EC0-301F-11D3-BF4B-00C04F79EFBC}") = "DotNet", "DotNet\DotNet.csproj", "{0F9D793B-BE42-4F69-9608-913A1A21719F}"
EndProject
Project("{9A19103F-16F7-4668-BE54-9A1E7A4F7556}") = "DotNet.Models", "DotNet.Models\DotNet.Models.csproj", "{B1EF6333-0ACD-46D3-B83A-698CF77C2ACC}"
EndProject
Project("{9A19103F-16F7-4668-BE54-9A1E7A4F7556}") = "DotNet.Models.Tests", "DotNet.Models.Tests\DotNet.Models.Tests.csproj", "{32A2F51C-EB77-4652-A12A-829EBFD08389}"
EndProject
Project("{9A19103F-16F7-4668-BE54-9A1E7A4F7556}") = "Dul.Data", "Dul.Data\Dul.Data.csproj", "{F9332B05-DB4F-445D-B444-B5306DADC966}"
EndProject
Project("{9A19103F-16F7-4668-BE54-9A1E7A4F7556}") = "InMemoryDatabase", "InMemoryDatabase\InMemoryDatabase.csproj", "{841E4BBF-8882-4DB0-A0A3-E7F61E50FFED}"
EndProject
Project("{FAE04EC0-301F-11D3-BF4B-00C04F79EFBC}") = "ClassDiagramDemo", "ClassDiagramDemo\ClassDiagramDemo\ClassDiagramDemo.csproj", "{2CC66A18-F9BA-407E-8C32-86971F8FFF2D}"
EndProject
Project("{9A19103F-16F7-4668-BE54-9A1E7A4F7556}") = "DotNetCore.Tests", "DotNetCore.Tests\DotNetCore.Tests.csproj", "{7B3F21DB-B2EF-4E1A-B4D1-CB1B76F58F03}"
EndProject
Project("{9A19103F-16F7-4668-BE54-9A1E7A4F7556}") = "SeeSharp.Eight", "SeeSharp.Eight\SeeSharp.Eight.csproj", "{45E676FC-A612-4E46-A35B-CA901E8293BB}"
EndProject
Project("{9A19103F-16F7-4668-BE54-9A1E7A4F7556}") = "HttpClientDemo", "HttpClientDemo\HttpClientDemo.csproj", "{84ABE224-3AE4-4F5F-838C-CCB8472E9C90}"
EndProject
Project("{9A19103F-16F7-4668-BE54-9A1E7A4F7556}") = "DotNetEightTest", "DotNetEightTest\DotNetEightTest.csproj", "{FBE1DA95-3F1E-4621-BA26-34FF568D3A7C}"
EndProject
Project("{9A19103F-16F7-4668-BE54-9A1E7A4F7556}") = "Dojang", "Dojang\Dojang.csproj", "{B66A97ED-9C31-4E1B-9639-83022F1ECF6E}"
EndProject
Project("{9A19103F-16F7-4668-BE54-9A1E7A4F7556}") = "Eleven", "Eleven\Eleven.csproj", "{80B4862F-0950-431A-80F4-8F8EE0209CDE}"
EndProject
Global
	GlobalSection(SolutionConfigurationPlatforms) = preSolution
		Debug|Any CPU = Debug|Any CPU
		Release|Any CPU = Release|Any CPU
	EndGlobalSection
	GlobalSection(ProjectConfigurationPlatforms) = postSolution
		{0F9D793B-BE42-4F69-9608-913A1A21719F}.Debug|Any CPU.ActiveCfg = Debug|Any CPU
		{0F9D793B-BE42-4F69-9608-913A1A21719F}.Debug|Any CPU.Build.0 = Debug|Any CPU
		{0F9D793B-BE42-4F69-9608-913A1A21719F}.Release|Any CPU.ActiveCfg = Release|Any CPU
		{0F9D793B-BE42-4F69-9608-913A1A21719F}.Release|Any CPU.Build.0 = Release|Any CPU
		{B1EF6333-0ACD-46D3-B83A-698CF77C2ACC}.Debug|Any CPU.ActiveCfg = Debug|Any CPU
		{B1EF6333-0ACD-46D3-B83A-698CF77C2ACC}.Debug|Any CPU.Build.0 = Debug|Any CPU
		{B1EF6333-0ACD-46D3-B83A-698CF77C2ACC}.Release|Any CPU.ActiveCfg = Release|Any CPU
		{B1EF6333-0ACD-46D3-B83A-698CF77C2ACC}.Release|Any CPU.Build.0 = Release|Any CPU
		{32A2F51C-EB77-4652-A12A-829EBFD08389}.Debug|Any CPU.ActiveCfg = Debug|Any CPU
		{32A2F51C-EB77-4652-A12A-829EBFD08389}.Debug|Any CPU.Build.0 = Debug|Any CPU
		{32A2F51C-EB77-4652-A12A-829EBFD08389}.Release|Any CPU.ActiveCfg = Release|Any CPU
		{32A2F51C-EB77-4652-A12A-829EBFD08389}.Release|Any CPU.Build.0 = Release|Any CPU
		{F9332B05-DB4F-445D-B444-B5306DADC966}.Debug|Any CPU.ActiveCfg = Debug|Any CPU
		{F9332B05-DB4F-445D-B444-B5306DADC966}.Debug|Any CPU.Build.0 = Debug|Any CPU
		{F9332B05-DB4F-445D-B444-B5306DADC966}.Release|Any CPU.ActiveCfg = Release|Any CPU
		{F9332B05-DB4F-445D-B444-B5306DADC966}.Release|Any CPU.Build.0 = Release|Any CPU
		{841E4BBF-8882-4DB0-A0A3-E7F61E50FFED}.Debug|Any CPU.ActiveCfg = Debug|Any CPU
		{841E4BBF-8882-4DB0-A0A3-E7F61E50FFED}.Debug|Any CPU.Build.0 = Debug|Any CPU
		{841E4BBF-8882-4DB0-A0A3-E7F61E50FFED}.Release|Any CPU.ActiveCfg = Release|Any CPU
		{841E4BBF-8882-4DB0-A0A3-E7F61E50FFED}.Release|Any CPU.Build.0 = Release|Any CPU
		{2CC66A18-F9BA-407E-8C32-86971F8FFF2D}.Debug|Any CPU.ActiveCfg = Debug|Any CPU
		{2CC66A18-F9BA-407E-8C32-86971F8FFF2D}.Debug|Any CPU.Build.0 = Debug|Any CPU
		{2CC66A18-F9BA-407E-8C32-86971F8FFF2D}.Release|Any CPU.ActiveCfg = Release|Any CPU
		{2CC66A18-F9BA-407E-8C32-86971F8FFF2D}.Release|Any CPU.Build.0 = Release|Any CPU
		{7B3F21DB-B2EF-4E1A-B4D1-CB1B76F58F03}.Debug|Any CPU.ActiveCfg = Debug|Any CPU
		{7B3F21DB-B2EF-4E1A-B4D1-CB1B76F58F03}.Debug|Any CPU.Build.0 = Debug|Any CPU
		{7B3F21DB-B2EF-4E1A-B4D1-CB1B76F58F03}.Release|Any CPU.ActiveCfg = Release|Any CPU
		{7B3F21DB-B2EF-4E1A-B4D1-CB1B76F58F03}.Release|Any CPU.Build.0 = Release|Any CPU
		{45E676FC-A612-4E46-A35B-CA901E8293BB}.Debug|Any CPU.ActiveCfg = Debug|Any CPU
		{45E676FC-A612-4E46-A35B-CA901E8293BB}.Debug|Any CPU.Build.0 = Debug|Any CPU
		{45E676FC-A612-4E46-A35B-CA901E8293BB}.Release|Any CPU.ActiveCfg = Release|Any CPU
		{45E676FC-A612-4E46-A35B-CA901E8293BB}.Release|Any CPU.Build.0 = Release|Any CPU
		{84ABE224-3AE4-4F5F-838C-CCB8472E9C90}.Debug|Any CPU.ActiveCfg = Debug|Any CPU
		{84ABE224-3AE4-4F5F-838C-CCB8472E9C90}.Debug|Any CPU.Build.0 = Debug|Any CPU
		{84ABE224-3AE4-4F5F-838C-CCB8472E9C90}.Release|Any CPU.ActiveCfg = Release|Any CPU
		{84ABE224-3AE4-4F5F-838C-CCB8472E9C90}.Release|Any CPU.Build.0 = Release|Any CPU
		{FBE1DA95-3F1E-4621-BA26-34FF568D3A7C}.Debug|Any CPU.ActiveCfg = Debug|Any CPU
		{FBE1DA95-3F1E-4621-BA26-34FF568D3A7C}.Debug|Any CPU.Build.0 = Debug|Any CPU
		{FBE1DA95-3F1E-4621-BA26-34FF568D3A7C}.Release|Any CPU.ActiveCfg = Release|Any CPU
		{FBE1DA95-3F1E-4621-BA26-34FF568D3A7C}.Release|Any CPU.Build.0 = Release|Any CPU
		{B66A97ED-9C31-4E1B-9639-83022F1ECF6E}.Debug|Any CPU.ActiveCfg = Debug|Any CPU
		{B66A97ED-9C31-4E1B-9639-83022F1ECF6E}.Debug|Any CPU.Build.0 = Debug|Any CPU
		{B66A97ED-9C31-4E1B-9639-83022F1ECF6E}.Release|Any CPU.ActiveCfg = Release|Any CPU
		{B66A97ED-9C31-4E1B-9639-83022F1ECF6E}.Release|Any CPU.Build.0 = Release|Any CPU
		{80B4862F-0950-431A-80F4-8F8EE0209CDE}.Debug|Any CPU.ActiveCfg = Debug|Any CPU
		{80B4862F-0950-431A-80F4-8F8EE0209CDE}.Debug|Any CPU.Build.0 = Debug|Any CPU
		{80B4862F-0950-431A-80F4-8F8EE0209CDE}.Release|Any CPU.ActiveCfg = Release|Any CPU
		{80B4862F-0950-431A-80F4-8F8EE0209CDE}.Release|Any CPU.Build.0 = Release|Any CPU
	EndGlobalSection
	GlobalSection(SolutionProperties) = preSolution
		HideSolutionNode = FALSE
	EndGlobalSection
	GlobalSection(ExtensibilityGlobals) = postSolution
		SolutionGuid = {2A8119B1-A442-480E-AD55-432686C86F5D}
	EndGlobalSection
EndGlobal
